{
  "name": "node-red-contrib-barcode",
  "version": "0.1.3",
  "lockfileVersion": 2,
  "requires": true,
  "packages": {
    "": {
      "name": "node-red-contrib-barcode",
      "version": "0.1.3",
      "license": "MIT",
      "dependencies": {
        "barcode4nodejs": "^9.6.47",
        "node-red-contrib-barcode": "file:"
      }
    },
    "node_modules/barcode4nodejs": {
      "version": "9.6.47",
      "resolved": "https://registry.npmjs.org/barcode4nodejs/-/barcode4nodejs-9.6.47.tgz",
      "integrity": "sha512-/+Sp2MOCJDbTw2utZQUH3sStYFrmXCRbd9Rq4U6RV3t+tDmEkWn9AEas1w3UrZjqX0Jv1eGOzgWQ3gvVhtTArw==",
      "hasInstallScript": true
    },
    "node_modules/node-red-contrib-barcode": {
      "resolved": "",
      "link": true
    }
  },
  "dependencies": {
    "barcode4nodejs": {
      "version": "9.6.47",
      "resolved": "https://registry.npmjs.org/barcode4nodejs/-/barcode4nodejs-9.6.47.tgz",
      "integrity": "sha512-/+Sp2MOCJDbTw2utZQUH3sStYFrmXCRbd9Rq4U6RV3t+tDmEkWn9AEas1w3UrZjqX0Jv1eGOzgWQ3gvVhtTArw=="
    },
    "node-red-contrib-barcode": {
      "version": "file:",
      "requires": {
        "barcode4nodejs": "^9.6.47",
        "node-red-contrib-barcode": "file:"
      },
      "dependencies": {
        "barcode4nodejs": {
          "version": "9.6.47",
          "resolved": "https://registry.npmjs.org/barcode4nodejs/-/barcode4nodejs-9.6.47.tgz",
          "integrity": "sha512-/+Sp2MOCJDbTw2utZQUH3sStYFrmXCRbd9Rq4U6RV3t+tDmEkWn9AEas1w3UrZjqX0Jv1eGOzgWQ3gvVhtTArw=="
        }
      }
    }
  }
}
